// !$*UTF8*$!
{
	archiveVersion = 1;
	classes = {
	};
	objectVersion = 56;
	objects = {

/* Begin PBXBuildFile section */
		631BB1102A0BB26F00EC9056 /* AppDelegate.swift in Sources */ = {isa = PBXBuildFile; fileRef = 631BB10F2A0BB26F00EC9056 /* AppDelegate.swift */; };
		631BB1122A0BB26F00EC9056 /* SceneDelegate.swift in Sources */ = {isa = PBXBuildFile; fileRef = 631BB1112A0BB26F00EC9056 /* SceneDelegate.swift */; };
		631BB1142A0BB26F00EC9056 /* ViewController.swift in Sources */ = {isa = PBXBuildFile; fileRef = 631BB1132A0BB26F00EC9056 /* ViewController.swift */; };
		631BB1172A0BB26F00EC9056 /* Main.storyboard in Resources */ = {isa = PBXBuildFile; fileRef = 631BB1152A0BB26F00EC9056 /* Main.storyboard */; };
		631BB1192A0BB27100EC9056 /* Assets.xcassets in Resources */ = {isa = PBXBuildFile; fileRef = 631BB1182A0BB27100EC9056 /* Assets.xcassets */; };
		631BB11C2A0BB27100EC9056 /* LaunchScreen.storyboard in Resources */ = {isa = PBXBuildFile; fileRef = 631BB11A2A0BB27100EC9056 /* LaunchScreen.storyboard */; };
		631BB1242A0BB4AF00EC9056 /* GoogleService-Info.plist in Resources */ = {isa = PBXBuildFile; fileRef = 631BB1232A0BB4AF00EC9056 /* GoogleService-Info.plist */; };
		631BB1272A0BB6A400EC9056 /* FirebaseAnalytics in Frameworks */ = {isa = PBXBuildFile; productRef = 631BB1262A0BB6A400EC9056 /* FirebaseAnalytics */; };
		631BB1292A0BB6A400EC9056 /* FirebaseAuth in Frameworks */ = {isa = PBXBuildFile; productRef = 631BB1282A0BB6A400EC9056 /* FirebaseAuth */; };
		631BB12B2A0BB6A400EC9056 /* FirebaseFirestore in Frameworks */ = {isa = PBXBuildFile; productRef = 631BB12A2A0BB6A400EC9056 /* FirebaseFirestore */; };
		631BB12D2A0BB6A400EC9056 /* FirebaseStorage in Frameworks */ = {isa = PBXBuildFile; productRef = 631BB12C2A0BB6A400EC9056 /* FirebaseStorage */; };
		631BB12F2A0BBA2D00EC9056 /* FeedViewController.swift in Sources */ = {isa = PBXBuildFile; fileRef = 631BB12E2A0BBA2D00EC9056 /* FeedViewController.swift */; };
		631BB1312A0BBA4A00EC9056 /* UploadViewController.swift in Sources */ = {isa = PBXBuildFile; fileRef = 631BB1302A0BBA4A00EC9056 /* UploadViewController.swift */; };
		631BB1332A0BBA5800EC9056 /* SettingsViewController.swift in Sources */ = {isa = PBXBuildFile; fileRef = 631BB1322A0BBA5800EC9056 /* SettingsViewController.swift */; };
		6370B4C52A0C11DD00478CA0 /* FeedCell.swift in Sources */ = {isa = PBXBuildFile; fileRef = 6370B4C42A0C11DD00478CA0 /* FeedCell.swift */; };
		6370B4C82A0C215500478CA0 /* SDWebImage in Frameworks */ = {isa = PBXBuildFile; productRef = 6370B4C72A0C215500478CA0 /* SDWebImage */; };
/* End PBXBuildFile section */

/* Begin PBXFileReference section */
		631BB10C2A0BB26F00EC9056 /* Instagram.app */ = {isa = PBXFileReference; explicitFileType = wrapper.application; includeInIndex = 0; path = Instagram.app; sourceTree = BUILT_PRODUCTS_DIR; };
		631BB10F2A0BB26F00EC9056 /* AppDelegate.swift */ = {isa = PBXFileReference; lastKnownFileType = sourcecode.swift; path = AppDelegate.swift; sourceTree = "<group>"; };
		631BB1112A0BB26F00EC9056 /* SceneDelegate.swift */ = {isa = PBXFileReference; lastKnownFileType = sourcecode.swift; path = SceneDelegate.swift; sourceTree = "<group>"; };
		631BB1132A0BB26F00EC9056 /* ViewController.swift */ = {isa = PBXFileReference; lastKnownFileType = sourcecode.swift; path = ViewController.swift; sourceTree = "<group>"; };
		631BB1162A0BB26F00EC9056 /* Base */ = {isa = PBXFileReference; lastKnownFileType = file.storyboard; name = Base; path = Base.lproj/Main.storyboard; sourceTree = "<group>"; };
		631BB1182A0BB27100EC9056 /* Assets.xcassets */ = {isa = PBXFileReference; lastKnownFileType = folder.assetcatalog; path = Assets.xcassets; sourceTree = "<group>"; };
		631BB11B2A0BB27100EC9056 /* Base */ = {isa = PBXFileReference; lastKnownFileType = file.storyboard; name = Base; path = Base.lproj/LaunchScreen.storyboard; sourceTree = "<group>"; };
		631BB11D2A0BB27100EC9056 /* Info.plist */ = {isa = PBXFileReference; lastKnownFileType = text.plist.xml; path = Info.plist; sourceTree = "<group>"; };
		631BB1232A0BB4AF00EC9056 /* GoogleService-Info.plist */ = {isa = PBXFileReference; fileEncoding = 4; lastKnownFileType = text.plist.xml; path = "GoogleService-Info.plist"; sourceTree = "<group>"; };
		631BB12E2A0BBA2D00EC9056 /* FeedViewController.swift */ = {isa = PBXFileReference; lastKnownFileType = sourcecode.swift; path = FeedViewController.swift; sourceTree = "<group>"; };
		631BB1302A0BBA4A00EC9056 /* UploadViewController.swift */ = {isa = PBXFileReference; lastKnownFileType = sourcecode.swift; path = UploadViewController.swift; sourceTree = "<group>"; };
		631BB1322A0BBA5800EC9056 /* SettingsViewController.swift */ = {isa = PBXFileReference; lastKnownFileType = sourcecode.swift; path = SettingsViewController.swift; sourceTree = "<group>"; };
		6370B4C42A0C11DD00478CA0 /* FeedCell.swift */ = {isa = PBXFileReference; lastKnownFileType = sourcecode.swift; path = FeedCell.swift; sourceTree = "<group>"; };
/* End PBXFileReference section */

/* Begin PBXFrameworksBuildPhase section */
		631BB1092A0BB26F00EC9056 /* Frameworks */ = {
			isa = PBXFrameworksBuildPhase;
			buildActionMask = 2147483647;
			files = (
				631BB1272A0BB6A400EC9056 /* FirebaseAnalytics in Frameworks */,
				631BB12D2A0BB6A400EC9056 /* FirebaseStorage in Frameworks */,
				631BB1292A0BB6A400EC9056 /* FirebaseAuth in Frameworks */,
				631BB12B2A0BB6A400EC9056 /* FirebaseFirestore in Frameworks */,
				6370B4C82A0C215500478CA0 /* SDWebImage in Frameworks */,
			);
			runOnlyForDeploymentPostprocessing = 0;
		};
/* End PBXFrameworksBuildPhase section */

/* Begin PBXGroup section */
		631BB1032A0BB26F00EC9056 = {
			isa = PBXGroup;
			children = (
				631BB10E2A0BB26F00EC9056 /* Instagram */,
				631BB10D2A0BB26F00EC9056 /* Products */,
			);
			sourceTree = "<group>";
		};
		631BB10D2A0BB26F00EC9056 /* Products */ = {
			isa = PBXGroup;
			children = (
				631BB10C2A0BB26F00EC9056 /* Instagram.app */,
			);
			name = Products;
			sourceTree = "<group>";
		};
		631BB10E2A0BB26F00EC9056 /* Instagram */ = {
			isa = PBXGroup;
			children = (
				631BB10F2A0BB26F00EC9056 /* AppDelegate.swift */,
				631BB1112A0BB26F00EC9056 /* SceneDelegate.swift */,
				631BB1132A0BB26F00EC9056 /* ViewController.swift */,
				631BB12E2A0BBA2D00EC9056 /* FeedViewController.swift */,
				6370B4C42A0C11DD00478CA0 /* FeedCell.swift */,
				631BB1302A0BBA4A00EC9056 /* UploadViewController.swift */,
				631BB1322A0BBA5800EC9056 /* SettingsViewController.swift */,
				631BB1152A0BB26F00EC9056 /* Main.storyboard */,
				631BB1182A0BB27100EC9056 /* Assets.xcassets */,
				631BB11A2A0BB27100EC9056 /* LaunchScreen.storyboard */,
				631BB11D2A0BB27100EC9056 /* Info.plist */,
				631BB1232A0BB4AF00EC9056 /* GoogleService-Info.plist */,
			);
			path = Instagram;
			sourceTree = "<group>";
		};
/* End PBXGroup section */

/* Begin PBXNativeTarget section */
		631BB10B2A0BB26F00EC9056 /* Instagram */ = {
			isa = PBXNativeTarget;
			buildConfigurationList = 631BB1202A0BB27100EC9056 /* Build configuration list for PBXNativeTarget "Instagram" */;
			buildPhases = (
				631BB1082A0BB26F00EC9056 /* Sources */,
				631BB1092A0BB26F00EC9056 /* Frameworks */,
				631BB10A2A0BB26F00EC9056 /* Resources */,
			);
			buildRules = (
			);
			dependencies = (
			);
			name = Instagram;
			packageProductDependencies = (
				631BB1262A0BB6A400EC9056 /* FirebaseAnalytics */,
				631BB1282A0BB6A400EC9056 /* FirebaseAuth */,
				631BB12A2A0BB6A400EC9056 /* FirebaseFirestore */,
				631BB12C2A0BB6A400EC9056 /* FirebaseStorage */,
				6370B4C72A0C215500478CA0 /* SDWebImage */,
			);
			productName = Instagram;
			productReference = 631BB10C2A0BB26F00EC9056 /* Instagram.app */;
			productType = "com.apple.product-type.application";
		};
/* End PBXNativeTarget section */

/* Begin PBXProject section */
		631BB1042A0BB26F00EC9056 /* Project object */ = {
			isa = PBXProject;
			attributes = {
				BuildIndependentTargetsInParallel = 1;
				LastSwiftUpdateCheck = 1430;
				LastUpgradeCheck = 1430;
				TargetAttributes = {
					631BB10B2A0BB26F00EC9056 = {
						CreatedOnToolsVersion = 14.3;
					};
				};
			};
			buildConfigurationList = 631BB1072A0BB26F00EC9056 /* Build configuration list for PBXProject "Instagram" */;
			compatibilityVersion = "Xcode 14.0";
			developmentRegion = en;
			hasScannedForEncodings = 0;
			knownRegions = (
				en,
				Base,
			);
			mainGroup = 631BB1032A0BB26F00EC9056;
			packageReferences = (
				631BB1252A0BB6A400EC9056 /* XCRemoteSwiftPackageReference "firebase-ios-sdk" */,
				6370B4C62A0C215400478CA0 /* XCRemoteSwiftPackageReference "SDWebImage" */,
			);
			productRefGroup = 631BB10D2A0BB26F00EC9056 /* Products */;
			projectDirPath = "";
			projectRoot = "";
			targets = (
				631BB10B2A0BB26F00EC9056 /* Instagram */,
			);
		};
/* End PBXProject section */

/* Begin PBXResourcesBuildPhase section */
		631BB10A2A0BB26F00EC9056 /* Resources */ = {
			isa = PBXResourcesBuildPhase;
			buildActionMask = 2147483647;
			files = (
				631BB11C2A0BB27100EC9056 /* LaunchScreen.storyboard in Resources */,
				631BB1242A0BB4AF00EC9056 /* GoogleService-Info.plist in Resources */,
				631BB1192A0BB27100EC9056 /* Assets.xcassets in Resources */,
				631BB1172A0BB26F00EC9056 /* Main.storyboard in Resources */,
			);
			runOnlyForDeploymentPostprocessing = 0;
		};
/* End PBXResourcesBuildPhase section */

/* Begin PBXSourcesBuildPhase section */
		631BB1082A0BB26F00EC9056 /* Sources */ = {
			isa = PBXSourcesBuildPhase;
			buildActionMask = 2147483647;
			files = (
				6370B4C52A0C11DD00478CA0 /* FeedCell.swift in Sources */,
				631BB1142A0BB26F00EC9056 /* ViewController.swift in Sources */,
				631BB1312A0BBA4A00EC9056 /* UploadViewController.swift in Sources */,
				631BB1102A0BB26F00EC9056 /* AppDelegate.swift in Sources */,
				631BB12F2A0BBA2D00EC9056 /* FeedViewController.swift in Sources */,
				631BB1122A0BB26F00EC9056 /* SceneDelegate.swift in Sources */,
				631BB1332A0BBA5800EC9056 /* SettingsViewController.swift in Sources */,
			);
			runOnlyForDeploymentPostprocessing = 0;
		};
/* End PBXSourcesBuildPhase section */

/* Begin PBXVariantGroup section */
		631BB1152A0BB26F00EC9056 /* Main.storyboard */ = {
			isa = PBXVariantGroup;
			children = (
				631BB1162A0BB26F00EC9056 /* Base */,
			);
			name = Main.storyboard;
			sourceTree = "<group>";
		};
		631BB11A2A0BB27100EC9056 /* LaunchScreen.storyboard */ = {
			isa = PBXVariantGroup;
			children = (
				631BB11B2A0BB27100EC9056 /* Base */,
			);
			name = LaunchScreen.storyboard;
			sourceTree = "<group>";
		};
/* End PBXVariantGroup section */

/* Begin XCBuildConfiguration section */
		631BB11E2A0BB27100EC9056 /* Debug */ = {
			isa = XCBuildConfiguration;
			buildSettings = {
				ALWAYS_SEARCH_USER_PATHS = NO;
				CLANG_ANALYZER_NONNULL = YES;
				CLANG_ANALYZER_NUMBER_OBJECT_CONVERSION = YES_AGGRESSIVE;
				CLANG_CXX_LANGUAGE_STANDARD = "gnu++20";
				CLANG_ENABLE_MODULES = YES;
				CLANG_ENABLE_OBJC_ARC = YES;
				CLANG_ENABLE_OBJC_WEAK = YES;
				CLANG_WARN_BLOCK_CAPTURE_AUTORELEASING = YES;
				CLANG_WARN_BOOL_CONVERSION = YES;
				CLANG_WARN_COMMA = YES;
				CLANG_WARN_CONSTANT_CONVERSION = YES;
				CLANG_WARN_DEPRECATED_OBJC_IMPLEMENTATIONS = YES;
				CLANG_WARN_DIRECT_OBJC_ISA_USAGE = YES_ERROR;
				CLANG_WARN_DOCUMENTATION_COMMENTS = YES;
				CLANG_WARN_EMPTY_BODY = YES;
				CLANG_WARN_ENUM_CONVERSION = YES;
				CLANG_WARN_INFINITE_RECURSION = YES;
				CLANG_WARN_INT_CONVERSION = YES;
				CLANG_WARN_NON_LITERAL_NULL_CONVERSION = YES;
				CLANG_WARN_OBJC_IMPLICIT_RETAIN_SELF = YES;
				CLANG_WARN_OBJC_LITERAL_CONVERSION = YES;
				CLANG_WARN_OBJC_ROOT_CLASS = YES_ERROR;
				CLANG_WARN_QUOTED_INCLUDE_IN_FRAMEWORK_HEADER = YES;
				CLANG_WARN_RANGE_LOOP_ANALYSIS = YES;
				CLANG_WARN_STRICT_PROTOTYPES = YES;
				CLANG_WARN_SUSPICIOUS_MOVE = YES;
				CLANG_WARN_UNGUARDED_AVAILABILITY = YES_AGGRESSIVE;
				CLANG_WARN_UNREACHABLE_CODE = YES;
				CLANG_WARN__DUPLICATE_METHOD_MATCH = YES;
				COPY_PHASE_STRIP = NO;
				DEBUG_INFORMATION_FORMAT = dwarf;
				ENABLE_STRICT_OBJC_MSGSEND = YES;
				ENABLE_TESTABILITY = YES;
				GCC_C_LANGUAGE_STANDARD = gnu11;
				GCC_DYNAMIC_NO_PIC = NO;
				GCC_NO_COMMON_BLOCKS = YES;
				GCC_OPTIMIZATION_LEVEL = 0;
				GCC_PREPROCESSOR_DEFINITIONS = (
					"DEBUG=1",
					"$(inherited)",
				);
				GCC_WARN_64_TO_32_BIT_CONVERSION = YES;
				GCC_WARN_ABOUT_RETURN_TYPE = YES_ERROR;
				GCC_WARN_UNDECLARED_SELECTOR = YES;
				GCC_WARN_UNINITIALIZED_AUTOS = YES_AGGRESSIVE;
				GCC_WARN_UNUSED_FUNCTION = YES;
				GCC_WARN_UNUSED_VARIABLE = YES;
				IPHONEOS_DEPLOYMENT_TARGET = 16.4;
				MTL_ENABLE_DEBUG_INFO = INCLUDE_SOURCE;
				MTL_FAST_MATH = YES;
				ONLY_ACTIVE_ARCH = YES;
				SDKROOT = iphoneos;
				SWIFT_ACTIVE_COMPILATION_CONDITIONS = DEBUG;
				SWIFT_OPTIMIZATION_LEVEL = "-Onone";
			};
			name = Debug;
		};
		631BB11F2A0BB27100EC9056 /* Release */ = {
			isa = XCBuildConfiguration;
			buildSettings = {
				ALWAYS_SEARCH_USER_PATHS = NO;
				CLANG_ANALYZER_NONNULL = YES;
				CLANG_ANALYZER_NUMBER_OBJECT_CONVERSION = YES_AGGRESSIVE;
				CLANG_CXX_LANGUAGE_STANDARD = "gnu++20";
				CLANG_ENABLE_MODULES = YES;
				CLANG_ENABLE_OBJC_ARC = YES;
				CLANG_ENABLE_OBJC_WEAK = YES;
				CLANG_WARN_BLOCK_CAPTURE_AUTORELEASING = YES;
				CLANG_WARN_BOOL_CONVERSION = YES;
				CLANG_WARN_COMMA = YES;
				CLANG_WARN_CONSTANT_CONVERSION = YES;
				CLANG_WARN_DEPRECATED_OBJC_IMPLEMENTATIONS = YES;
				CLANG_WARN_DIRECT_OBJC_ISA_USAGE = YES_ERROR;
				CLANG_WARN_DOCUMENTATION_COMMENTS = YES;
				CLANG_WARN_EMPTY_BODY = YES;
				CLANG_WARN_ENUM_CONVERSION = YES;
				CLANG_WARN_INFINITE_RECURSION = YES;
				CLANG_WARN_INT_CONVERSION = YES;
				CLANG_WARN_NON_LITERAL_NULL_CONVERSION = YES;
				CLANG_WARN_OBJC_IMPLICIT_RETAIN_SELF = YES;
				CLANG_WARN_OBJC_LITERAL_CONVERSION = YES;
				CLANG_WARN_OBJC_ROOT_CLASS = YES_ERROR;
				CLANG_WARN_QUOTED_INCLUDE_IN_FRAMEWORK_HEADER = YES;
				CLANG_WARN_RANGE_LOOP_ANALYSIS = YES;
				CLANG_WARN_STRICT_PROTOTYPES = YES;
				CLANG_WARN_SUSPICIOUS_MOVE = YES;
				CLANG_WARN_UNGUARDED_AVAILABILITY = YES_AGGRESSIVE;
				CLANG_WARN_UNREACHABLE_CODE = YES;
				CLANG_WARN__DUPLICATE_METHOD_MATCH = YES;
				COPY_PHASE_STRIP = NO;
				DEBUG_INFORMATION_FORMAT = "dwarf-with-dsym";
				ENABLE_NS_ASSERTIONS = NO;
				ENABLE_STRICT_OBJC_MSGSEND = YES;
				GCC_C_LANGUAGE_STANDARD = gnu11;
				GCC_NO_COMMON_BLOCKS = YES;
				GCC_WARN_64_TO_32_BIT_CONVERSION = YES;
				GCC_WARN_ABOUT_RETURN_TYPE = YES_ERROR;
				GCC_WARN_UNDECLARED_SELECTOR = YES;
				GCC_WARN_UNINITIALIZED_AUTOS = YES_AGGRESSIVE;
				GCC_WARN_UNUSED_FUNCTION = YES;
				GCC_WARN_UNUSED_VARIABLE = YES;
				IPHONEOS_DEPLOYMENT_TARGET = 16.4;
				MTL_ENABLE_DEBUG_INFO = NO;
				MTL_FAST_MATH = YES;
				SDKROOT = iphoneos;
				SWIFT_COMPILATION_MODE = wholemodule;
				SWIFT_OPTIMIZATION_LEVEL = "-O";
				VALIDATE_PRODUCT = YES;
			};
			name = Release;
		};
		631BB1212A0BB27100EC9056 /* Debug */ = {
			isa = XCBuildConfiguration;
			buildSettings = {
				ASSETCATALOG_COMPILER_APPICON_NAME = AppIcon;
				ASSETCATALOG_COMPILER_GLOBAL_ACCENT_COLOR_NAME = AccentColor;
				CODE_SIGN_STYLE = Automatic;
				CURRENT_PROJECT_VERSION = 1;
				DEVELOPMENT_TEAM = 4GT4BFW9QG;
				GENERATE_INFOPLIST_FILE = YES;
				INFOPLIST_FILE = Instagram/Info.plist;
				INFOPLIST_KEY_LSApplicationCategoryType = "public.app-category.entertainment";
				INFOPLIST_KEY_UIApplicationSupportsIndirectInputEvents = YES;
				INFOPLIST_KEY_UILaunchStoryboardName = LaunchScreen;
				INFOPLIST_KEY_UIMainStoryboardFile = Main;
				INFOPLIST_KEY_UISupportedInterfaceOrientations_iPad = "UIInterfaceOrientationPortrait UIInterfaceOrientationPortraitUpsideDown UIInterfaceOrientationLandscapeLeft UIInterfaceOrientationLandscapeRight";
				INFOPLIST_KEY_UISupportedInterfaceOrientations_iPhone = "UIInterfaceOrientationPortrait UIInterfaceOrientationLandscapeLeft UIInterfaceOrientationLandscapeRight";
				IPHONEOS_DEPLOYMENT_TARGET = 13.0;
				LD_RUNPATH_SEARCH_PATHS = (
					"$(inherited)",
					"@executable_path/Frameworks",
				);
				MARKETING_VERSION = 1.0;
				PRODUCT_BUNDLE_IDENTIFIER = shehab.org.Instagram;
				PRODUCT_NAME = "$(TARGET_NAME)";
				SWIFT_EMIT_LOC_STRINGS = YES;
				SWIFT_VERSION = 5.0;
				TARGETED_DEVICE_FAMILY = "1,2";
			};
			name = Debug;
		};
		631BB1222A0BB27100EC9056 /* Release */ = {
			isa = XCBuildConfiguration;
			buildSettings = {
				ASSETCATALOG_COMPILER_APPICON_NAME = AppIcon;
				ASSETCATALOG_COMPILER_GLOBAL_ACCENT_COLOR_NAME = AccentColor;
				CODE_SIGN_STYLE = Automatic;
				CURRENT_PROJECT_VERSION = 1;
				DEVELOPMENT_TEAM = 4GT4BFW9QG;
				GENERATE_INFOPLIST_FILE = YES;
				INFOPLIST_FILE = Instagram/Info.plist;
				INFOPLIST_KEY_LSApplicationCategoryType = "public.app-category.entertainment";
				INFOPLIST_KEY_UIApplicationSupportsIndirectInputEvents = YES;
				INFOPLIST_KEY_UILaunchStoryboardName = LaunchScreen;
				INFOPLIST_KEY_UIMainStoryboardFile = Main;
				INFOPLIST_KEY_UISupportedInterfaceOrientations_iPad = "UIInterfaceOrientationPortrait UIInterfaceOrientationPortraitUpsideDown UIInterfaceOrientationLandscapeLeft UIInterfaceOrientationLandscapeRight";
				INFOPLIST_KEY_UISupportedInterfaceOrientations_iPhone = "UIInterfaceOrientationPortrait UIInterfaceOrientationLandscapeLeft UIInterfaceOrientationLandscapeRight";
				IPHONEOS_DEPLOYMENT_TARGET = 13.0;
				LD_RUNPATH_SEARCH_PATHS = (
					"$(inherited)",
					"@executable_path/Frameworks",
				);
				MARKETING_VERSION = 1.0;
				PRODUCT_BUNDLE_IDENTIFIER = shehab.org.Instagram;
				PRODUCT_NAME = "$(TARGET_NAME)";
				SWIFT_EMIT_LOC_STRINGS = YES;
				SWIFT_VERSION = 5.0;
				TARGETED_DEVICE_FAMILY = "1,2";
			};
			name = Release;
		};
/* End XCBuildConfiguration section */

/* Begin XCConfigurationList section */
		631BB1072A0BB26F00EC9056 /* Build configuration list for PBXProject "Instagram" */ = {
			isa = XCConfigurationList;
			buildConfigurations = (
				631BB11E2A0BB27100EC9056 /* Debug */,
				631BB11F2A0BB27100EC9056 /* Release */,
			);
			defaultConfigurationIsVisible = 0;
			defaultConfigurationName = Release;
		};
		631BB1202A0BB27100EC9056 /* Build configuration list for PBXNativeTarget "Instagram" */ = {
			isa = XCConfigurationList;
			buildConfigurations = (
				631BB1212A0BB27100EC9056 /* Debug */,
				631BB1222A0BB27100EC9056 /* Release */,
			);
			defaultConfigurationIsVisible = 0;
			defaultConfigurationName = Release;
		};
/* End XCConfigurationList section */

/* Begin XCRemoteSwiftPackageReference section */
		631BB1252A0BB6A400EC9056 /* XCRemoteSwiftPackageReference "firebase-ios-sdk" */ = {
			isa = XCRemoteSwiftPackageReference;
			repositoryURL = "https://github.com/firebase/firebase-ios-sdk";
			requirement = {
				kind = upToNextMajorVersion;
				minimumVersion = 10.0.0;
			};
		};
		6370B4C62A0C215400478CA0 /* XCRemoteSwiftPackageReference "SDWebImage" */ = {
			isa = XCRemoteSwiftPackageReference;
			repositoryURL = "https://github.com/SDWebImage/SDWebImage.git";
			requirement = {
				kind = upToNextMajorVersion;
				minimumVersion = 5.0.0;
			};
		};
/* End XCRemoteSwiftPackageReference section */

/* Begin XCSwiftPackageProductDependency section */
		631BB1262A0BB6A400EC9056 /* FirebaseAnalytics */ = {
			isa = XCSwiftPackageProductDependency;
			package = 631BB1252A0BB6A400EC9056 /* XCRemoteSwiftPackageReference "firebase-ios-sdk" */;
			productName = FirebaseAnalytics;
		};
		631BB1282A0BB6A400EC9056 /* FirebaseAuth */ = {
			isa = XCSwiftPackageProductDependency;
			package = 631BB1252A0BB6A400EC9056 /* XCRemoteSwiftPackageReference "firebase-ios-sdk" */;
			productName = FirebaseAuth;
		};
		631BB12A2A0BB6A400EC9056 /* FirebaseFirestore */ = {
			isa = XCSwiftPackageProductDependency;
			package = 631BB1252A0BB6A400EC9056 /* XCRemoteSwiftPackageReference "firebase-ios-sdk" */;
			productName = FirebaseFirestore;
		};
		631BB12C2A0BB6A400EC9056 /* FirebaseStorage */ = {
			isa = XCSwiftPackageProductDependency;
			package = 631BB1252A0BB6A400EC9056 /* XCRemoteSwiftPackageReference "firebase-ios-sdk" */;
			productName = FirebaseStorage;
		};
		6370B4C72A0C215500478CA0 /* SDWebImage */ = {
			isa = XCSwiftPackageProductDependency;
			package = 6370B4C62A0C215400478CA0 /* XCRemoteSwiftPackageReference "SDWebImage" */;
			productName = SDWebImage;
		};
/* End XCSwiftPackageProductDependency section */
	};
	rootObject = 631BB1042A0BB26F00EC9056 /* Project object */;
}
